// !$*UTF8*$!
{
	archiveVersion = 1;
	classes = {
	};
	objectVersion = 56;
	objects = {

/* Begin PBXBuildFile section */
		ABAAC14F2DB11046004FB78E /* ArticleCardView.swift in Sources */ = {isa = PBXBuildFile; fileRef = ABAAC14E2DB11046004FB78E /* ArticleCardView.swift */; };
		ABD64BD92DA9224F009B37FD /* zona_farm_mobile_iosApp.swift in Sources */ = {isa = PBXBuildFile; fileRef = ABD64BD82DA9224F009B37FD /* zona_farm_mobile_iosApp.swift */; };
		ABD64BDB2DA9224F009B37FD /* ContentView.swift in Sources */ = {isa = PBXBuildFile; fileRef = ABD64BDA2DA9224F009B37FD /* ContentView.swift */; };
		ABD64BDD2DA92252009B37FD /* Assets.xcassets in Resources */ = {isa = PBXBuildFile; fileRef = ABD64BDC2DA92252009B37FD /* Assets.xcassets */; };
		ABD64BE02DA92252009B37FD /* Preview Assets.xcassets in Resources */ = {isa = PBXBuildFile; fileRef = ABD64BDF2DA92252009B37FD /* Preview Assets.xcassets */; };
		ABD64BEA2DA92979009B37FD /* HomeView.swift in Sources */ = {isa = PBXBuildFile; fileRef = ABD64BE92DA92979009B37FD /* HomeView.swift */; };
		ABD64BEC2DA92986009B37FD /* ToolsView.swift in Sources */ = {isa = PBXBuildFile; fileRef = ABD64BEB2DA92986009B37FD /* ToolsView.swift */; };
		ABD64BEE2DA929A9009B37FD /* StatistikView.swift in Sources */ = {isa = PBXBuildFile; fileRef = ABD64BED2DA929A9009B37FD /* StatistikView.swift */; };
		ABD64BF02DA929BE009B37FD /* InformationView.swift in Sources */ = {isa = PBXBuildFile; fileRef = ABD64BEF2DA929BE009B37FD /* InformationView.swift */; };
		ABD64BF42DA96DCA009B37FD /* MonitoringGridView.swift in Sources */ = {isa = PBXBuildFile; fileRef = ABD64BF32DA96DCA009B37FD /* MonitoringGridView.swift */; };
		ABD64BF62DA96DE2009B37FD /* MonitoringItem.swift in Sources */ = {isa = PBXBuildFile; fileRef = ABD64BF52DA96DE2009B37FD /* MonitoringItem.swift */; };
		ABD64BF82DA96E06009B37FD /* Monitoring.swift in Sources */ = {isa = PBXBuildFile; fileRef = ABD64BF72DA96E06009B37FD /* Monitoring.swift */; };
		ABD64BFA2DAA4BD4009B37FD /* CustomButton.swift in Sources */ = {isa = PBXBuildFile; fileRef = ABD64BF92DAA4BD4009B37FD /* CustomButton.swift */; };
		ABD64BFE2DAD1015009B37FD /* MonitoringHomeView.swift in Sources */ = {isa = PBXBuildFile; fileRef = ABD64BFD2DAD1015009B37FD /* MonitoringHomeView.swift */; };
		ABD64C012DAD1A65009B37FD /* Color+Extensions.swift in Sources */ = {isa = PBXBuildFile; fileRef = ABD64C002DAD1A65009B37FD /* Color+Extensions.swift */; };
/* End PBXBuildFile section */

/* Begin PBXFileReference section */
		ABAAC14E2DB11046004FB78E /* ArticleCardView.swift */ = {isa = PBXFileReference; lastKnownFileType = sourcecode.swift; path = ArticleCardView.swift; sourceTree = "<group>"; };
		ABD64BD52DA9224F009B37FD /* zona_farm_mobile_ios.app */ = {isa = PBXFileReference; explicitFileType = wrapper.application; includeInIndex = 0; path = zona_farm_mobile_ios.app; sourceTree = BUILT_PRODUCTS_DIR; };
		ABD64BD82DA9224F009B37FD /* zona_farm_mobile_iosApp.swift */ = {isa = PBXFileReference; lastKnownFileType = sourcecode.swift; path = zona_farm_mobile_iosApp.swift; sourceTree = "<group>"; };
		ABD64BDA2DA9224F009B37FD /* ContentView.swift */ = {isa = PBXFileReference; lastKnownFileType = sourcecode.swift; path = ContentView.swift; sourceTree = "<group>"; };
		ABD64BDC2DA92252009B37FD /* Assets.xcassets */ = {isa = PBXFileReference; lastKnownFileType = folder.assetcatalog; path = Assets.xcassets; sourceTree = "<group>"; };
		ABD64BDF2DA92252009B37FD /* Preview Assets.xcassets */ = {isa = PBXFileReference; lastKnownFileType = folder.assetcatalog; path = "Preview Assets.xcassets"; sourceTree = "<group>"; };
		ABD64BE92DA92979009B37FD /* HomeView.swift */ = {isa = PBXFileReference; lastKnownFileType = sourcecode.swift; path = HomeView.swift; sourceTree = "<group>"; };
		ABD64BEB2DA92986009B37FD /* ToolsView.swift */ = {isa = PBXFileReference; lastKnownFileType = sourcecode.swift; path = ToolsView.swift; sourceTree = "<group>"; };
		ABD64BED2DA929A9009B37FD /* StatistikView.swift */ = {isa = PBXFileReference; lastKnownFileType = sourcecode.swift; path = StatistikView.swift; sourceTree = "<group>"; };
		ABD64BEF2DA929BE009B37FD /* InformationView.swift */ = {isa = PBXFileReference; lastKnownFileType = sourcecode.swift; path = InformationView.swift; sourceTree = "<group>"; };
		ABD64BF32DA96DCA009B37FD /* MonitoringGridView.swift */ = {isa = PBXFileReference; lastKnownFileType = sourcecode.swift; path = MonitoringGridView.swift; sourceTree = "<group>"; };
		ABD64BF52DA96DE2009B37FD /* MonitoringItem.swift */ = {isa = PBXFileReference; lastKnownFileType = sourcecode.swift; path = MonitoringItem.swift; sourceTree = "<group>"; };
		ABD64BF72DA96E06009B37FD /* Monitoring.swift */ = {isa = PBXFileReference; lastKnownFileType = sourcecode.swift; path = Monitoring.swift; sourceTree = "<group>"; };
		ABD64BF92DAA4BD4009B37FD /* CustomButton.swift */ = {isa = PBXFileReference; lastKnownFileType = sourcecode.swift; path = CustomButton.swift; sourceTree = "<group>"; };
		ABD64BFD2DAD1015009B37FD /* MonitoringHomeView.swift */ = {isa = PBXFileReference; lastKnownFileType = sourcecode.swift; path = MonitoringHomeView.swift; sourceTree = "<group>"; };
		ABD64C002DAD1A65009B37FD /* Color+Extensions.swift */ = {isa = PBXFileReference; lastKnownFileType = sourcecode.swift; path = "Color+Extensions.swift"; sourceTree = "<group>"; };
/* End PBXFileReference section */

/* Begin PBXFrameworksBuildPhase section */
		ABD64BD22DA9224F009B37FD /* Frameworks */ = {
			isa = PBXFrameworksBuildPhase;
			buildActionMask = 2147483647;
			files = (
			);
			runOnlyForDeploymentPostprocessing = 0;
		};
/* End PBXFrameworksBuildPhase section */

/* Begin PBXGroup section */
		ABD64BCC2DA9224F009B37FD = {
			isa = PBXGroup;
			children = (
				ABD64BD72DA9224F009B37FD /* zona_farm_mobile_ios */,
				ABD64BD62DA9224F009B37FD /* Products */,
			);
			sourceTree = "<group>";
		};
		ABD64BD62DA9224F009B37FD /* Products */ = {
			isa = PBXGroup;
			children = (
				ABD64BD52DA9224F009B37FD /* zona_farm_mobile_ios.app */,
			);
			name = Products;
			sourceTree = "<group>";
		};
		ABD64BD72DA9224F009B37FD /* zona_farm_mobile_ios */ = {
			isa = PBXGroup;
			children = (
				ABD64BD82DA9224F009B37FD /* zona_farm_mobile_iosApp.swift */,
				ABD64BFF2DAD1A53009B37FD /* Extensions */,
				ABD64BE62DA9281D009B37FD /* Model */,
				ABD64BE72DA92830009B37FD /* View */,
				ABD64BE82DA92838009B37FD /* ViewModel */,
				ABD64BDC2DA92252009B37FD /* Assets.xcassets */,
				ABD64BDE2DA92252009B37FD /* Preview Content */,
			);
			path = zona_farm_mobile_ios;
			sourceTree = "<group>";
		};
		ABD64BDE2DA92252009B37FD /* Preview Content */ = {
			isa = PBXGroup;
			children = (
				ABD64BDF2DA92252009B37FD /* Preview Assets.xcassets */,
			);
			path = "Preview Content";
			sourceTree = "<group>";
		};
		ABD64BE62DA9281D009B37FD /* Model */ = {
			isa = PBXGroup;
			children = (
				ABD64BF72DA96E06009B37FD /* Monitoring.swift */,
			);
			path = Model;
			sourceTree = "<group>";
		};
		ABD64BE72DA92830009B37FD /* View */ = {
			isa = PBXGroup;
			children = (
				ABD64BF12DA9606E009B37FD /* Screens */,
				ABD64BF22DA9607A009B37FD /* Components */,
			);
			path = View;
			sourceTree = "<group>";
		};
		ABD64BE82DA92838009B37FD /* ViewModel */ = {
			isa = PBXGroup;
			children = (
			);
			path = ViewModel;
			sourceTree = "<group>";
		};
		ABD64BF12DA9606E009B37FD /* Screens */ = {
			isa = PBXGroup;
			children = (
				ABD64BDA2DA9224F009B37FD /* ContentView.swift */,
				ABD64BE92DA92979009B37FD /* HomeView.swift */,
				ABD64BEB2DA92986009B37FD /* ToolsView.swift */,
				ABD64BED2DA929A9009B37FD /* StatistikView.swift */,
				ABD64BEF2DA929BE009B37FD /* InformationView.swift */,
			);
			path = Screens;
			sourceTree = "<group>";
		};
		ABD64BF22DA9607A009B37FD /* Components */ = {
			isa = PBXGroup;
			children = (
				ABD64BFD2DAD1015009B37FD /* MonitoringHomeView.swift */,
				ABAAC14E2DB11046004FB78E /* ArticleCardView.swift */,
				ABD64BF32DA96DCA009B37FD /* MonitoringGridView.swift */,
				ABD64BF52DA96DE2009B37FD /* MonitoringItem.swift */,
				ABD64BF92DAA4BD4009B37FD /* CustomButton.swift */,
			);
			path = Components;
			sourceTree = "<group>";
		};
		ABD64BFF2DAD1A53009B37FD /* Extensions */ = {
			isa = PBXGroup;
			children = (
				ABD64C002DAD1A65009B37FD /* Color+Extensions.swift */,
			);
			path = Extensions;
			sourceTree = "<group>";
		};
/* End PBXGroup section */

/* Begin PBXNativeTarget section */
		ABD64BD42DA9224F009B37FD /* zona_farm_mobile_ios */ = {
			isa = PBXNativeTarget;
			buildConfigurationList = ABD64BE32DA92252009B37FD /* Build configuration list for PBXNativeTarget "zona_farm_mobile_ios" */;
			buildPhases = (
				ABD64BD12DA9224F009B37FD /* Sources */,
				ABD64BD22DA9224F009B37FD /* Frameworks */,
				ABD64BD32DA9224F009B37FD /* Resources */,
			);
			buildRules = (
			);
			dependencies = (
			);
			name = zona_farm_mobile_ios;
			productName = zona_farm_mobile_ios;
			productReference = ABD64BD52DA9224F009B37FD /* zona_farm_mobile_ios.app */;
			productType = "com.apple.product-type.application";
		};
/* End PBXNativeTarget section */

/* Begin PBXProject section */
		ABD64BCD2DA9224F009B37FD /* Project object */ = {
			isa = PBXProject;
			attributes = {
				BuildIndependentTargetsInParallel = 1;
				LastSwiftUpdateCheck = 1530;
				LastUpgradeCheck = 1530;
				TargetAttributes = {
					ABD64BD42DA9224F009B37FD = {
						CreatedOnToolsVersion = 15.3;
					};
				};
			};
			buildConfigurationList = ABD64BD02DA9224F009B37FD /* Build configuration list for PBXProject "zona_farm_mobile_ios" */;
			compatibilityVersion = "Xcode 14.0";
			developmentRegion = en;
			hasScannedForEncodings = 0;
			knownRegions = (
				en,
				Base,
			);
			mainGroup = ABD64BCC2DA9224F009B37FD;
			productRefGroup = ABD64BD62DA9224F009B37FD /* Products */;
			projectDirPath = "";
			projectRoot = "";
			targets = (
				ABD64BD42DA9224F009B37FD /* zona_farm_mobile_ios */,
			);
		};
/* End PBXProject section */

/* Begin PBXResourcesBuildPhase section */
		ABD64BD32DA9224F009B37FD /* Resources */ = {
			isa = PBXResourcesBuildPhase;
			buildActionMask = 2147483647;
			files = (
				ABD64BE02DA92252009B37FD /* Preview Assets.xcassets in Resources */,
				ABD64BDD2DA92252009B37FD /* Assets.xcassets in Resources */,
			);
			runOnlyForDeploymentPostprocessing = 0;
		};
/* End PBXResourcesBuildPhase section */

/* Begin PBXSourcesBuildPhase section */
		ABD64BD12DA9224F009B37FD /* Sources */ = {
			isa = PBXSourcesBuildPhase;
			buildActionMask = 2147483647;
			files = (
				ABD64BEA2DA92979009B37FD /* HomeView.swift in Sources */,
				ABD64BDB2DA9224F009B37FD /* ContentView.swift in Sources */,
				ABD64BEC2DA92986009B37FD /* ToolsView.swift in Sources */,
				ABD64BF82DA96E06009B37FD /* Monitoring.swift in Sources */,
				ABD64BFA2DAA4BD4009B37FD /* CustomButton.swift in Sources */,
				ABD64BF02DA929BE009B37FD /* InformationView.swift in Sources */,
				ABD64BF62DA96DE2009B37FD /* MonitoringItem.swift in Sources */,
				ABD64BFE2DAD1015009B37FD /* MonitoringHomeView.swift in Sources */,
				ABD64BEE2DA929A9009B37FD /* StatistikView.swift in Sources */,
				ABD64BD92DA9224F009B37FD /* zona_farm_mobile_iosApp.swift in Sources */,
				ABAAC14F2DB11046004FB78E /* ArticleCardView.swift in Sources */,
				ABD64BF42DA96DCA009B37FD /* MonitoringGridView.swift in Sources */,
				ABD64C012DAD1A65009B37FD /* Color+Extensions.swift in Sources */,
			);
			runOnlyForDeploymentPostprocessing = 0;
		};
/* End PBXSourcesBuildPhase section */

/* Begin XCBuildConfiguration section */
		ABD64BE12DA92252009B37FD /* Debug */ = {
			isa = XCBuildConfiguration;
			buildSettings = {
				ALWAYS_SEARCH_USER_PATHS = NO;
				ASSETCATALOG_COMPILER_GENERATE_SWIFT_ASSET_SYMBOL_EXTENSIONS = YES;
				CLANG_ANALYZER_NONNULL = YES;
				CLANG_ANALYZER_NUMBER_OBJECT_CONVERSION = YES_AGGRESSIVE;
				CLANG_CXX_LANGUAGE_STANDARD = "gnu++20";
				CLANG_ENABLE_MODULES = YES;
				CLANG_ENABLE_OBJC_ARC = YES;
				CLANG_ENABLE_OBJC_WEAK = YES;
				CLANG_WARN_BLOCK_CAPTURE_AUTORELEASING = YES;
				CLANG_WARN_BOOL_CONVERSION = YES;
				CLANG_WARN_COMMA = YES;
				CLANG_WARN_CONSTANT_CONVERSION = YES;
				CLANG_WARN_DEPRECATED_OBJC_IMPLEMENTATIONS = YES;
				CLANG_WARN_DIRECT_OBJC_ISA_USAGE = YES_ERROR;
				CLANG_WARN_DOCUMENTATION_COMMENTS = YES;
				CLANG_WARN_EMPTY_BODY = YES;
				CLANG_WARN_ENUM_CONVERSION = YES;
				CLANG_WARN_INFINITE_RECURSION = YES;
				CLANG_WARN_INT_CONVERSION = YES;
				CLANG_WARN_NON_LITERAL_NULL_CONVERSION = YES;
				CLANG_WARN_OBJC_IMPLICIT_RETAIN_SELF = YES;
				CLANG_WARN_OBJC_LITERAL_CONVERSION = YES;
				CLANG_WARN_OBJC_ROOT_CLASS = YES_ERROR;
				CLANG_WARN_QUOTED_INCLUDE_IN_FRAMEWORK_HEADER = YES;
				CLANG_WARN_RANGE_LOOP_ANALYSIS = YES;
				CLANG_WARN_STRICT_PROTOTYPES = YES;
				CLANG_WARN_SUSPICIOUS_MOVE = YES;
				CLANG_WARN_UNGUARDED_AVAILABILITY = YES_AGGRESSIVE;
				CLANG_WARN_UNREACHABLE_CODE = YES;
				CLANG_WARN__DUPLICATE_METHOD_MATCH = YES;
				COPY_PHASE_STRIP = NO;
				DEBUG_INFORMATION_FORMAT = dwarf;
				ENABLE_STRICT_OBJC_MSGSEND = YES;
				ENABLE_TESTABILITY = YES;
				ENABLE_USER_SCRIPT_SANDBOXING = YES;
				GCC_C_LANGUAGE_STANDARD = gnu17;
				GCC_DYNAMIC_NO_PIC = NO;
				GCC_NO_COMMON_BLOCKS = YES;
				GCC_OPTIMIZATION_LEVEL = 0;
				GCC_PREPROCESSOR_DEFINITIONS = (
					"DEBUG=1",
					"$(inherited)",
				);
				GCC_WARN_64_TO_32_BIT_CONVERSION = YES;
				GCC_WARN_ABOUT_RETURN_TYPE = YES_ERROR;
				GCC_WARN_UNDECLARED_SELECTOR = YES;
				GCC_WARN_UNINITIALIZED_AUTOS = YES_AGGRESSIVE;
				GCC_WARN_UNUSED_FUNCTION = YES;
				GCC_WARN_UNUSED_VARIABLE = YES;
				IPHONEOS_DEPLOYMENT_TARGET = 17.4;
				LOCALIZATION_PREFERS_STRING_CATALOGS = YES;
				MTL_ENABLE_DEBUG_INFO = INCLUDE_SOURCE;
				MTL_FAST_MATH = YES;
				ONLY_ACTIVE_ARCH = YES;
				SDKROOT = iphoneos;
				SWIFT_ACTIVE_COMPILATION_CONDITIONS = "DEBUG $(inherited)";
				SWIFT_OPTIMIZATION_LEVEL = "-Onone";
			};
			name = Debug;
		};
		ABD64BE22DA92252009B37FD /* Release */ = {
			isa = XCBuildConfiguration;
			buildSettings = {
				ALWAYS_SEARCH_USER_PATHS = NO;
				ASSETCATALOG_COMPILER_GENERATE_SWIFT_ASSET_SYMBOL_EXTENSIONS = YES;
				CLANG_ANALYZER_NONNULL = YES;
				CLANG_ANALYZER_NUMBER_OBJECT_CONVERSION = YES_AGGRESSIVE;
				CLANG_CXX_LANGUAGE_STANDARD = "gnu++20";
				CLANG_ENABLE_MODULES = YES;
				CLANG_ENABLE_OBJC_ARC = YES;
				CLANG_ENABLE_OBJC_WEAK = YES;
				CLANG_WARN_BLOCK_CAPTURE_AUTORELEASING = YES;
				CLANG_WARN_BOOL_CONVERSION = YES;
				CLANG_WARN_COMMA = YES;
				CLANG_WARN_CONSTANT_CONVERSION = YES;
				CLANG_WARN_DEPRECATED_OBJC_IMPLEMENTATIONS = YES;
				CLANG_WARN_DIRECT_OBJC_ISA_USAGE = YES_ERROR;
				CLANG_WARN_DOCUMENTATION_COMMENTS = YES;
				CLANG_WARN_EMPTY_BODY = YES;
				CLANG_WARN_ENUM_CONVERSION = YES;
				CLANG_WARN_INFINITE_RECURSION = YES;
				CLANG_WARN_INT_CONVERSION = YES;
				CLANG_WARN_NON_LITERAL_NULL_CONVERSION = YES;
				CLANG_WARN_OBJC_IMPLICIT_RETAIN_SELF = YES;
				CLANG_WARN_OBJC_LITERAL_CONVERSION = YES;
				CLANG_WARN_OBJC_ROOT_CLASS = YES_ERROR;
				CLANG_WARN_QUOTED_INCLUDE_IN_FRAMEWORK_HEADER = YES;
				CLANG_WARN_RANGE_LOOP_ANALYSIS = YES;
				CLANG_WARN_STRICT_PROTOTYPES = YES;
				CLANG_WARN_SUSPICIOUS_MOVE = YES;
				CLANG_WARN_UNGUARDED_AVAILABILITY = YES_AGGRESSIVE;
				CLANG_WARN_UNREACHABLE_CODE = YES;
				CLANG_WARN__DUPLICATE_METHOD_MATCH = YES;
				COPY_PHASE_STRIP = NO;
				DEBUG_INFORMATION_FORMAT = "dwarf-with-dsym";
				ENABLE_NS_ASSERTIONS = NO;
				ENABLE_STRICT_OBJC_MSGSEND = YES;
				ENABLE_USER_SCRIPT_SANDBOXING = YES;
				GCC_C_LANGUAGE_STANDARD = gnu17;
				GCC_NO_COMMON_BLOCKS = YES;
				GCC_WARN_64_TO_32_BIT_CONVERSION = YES;
				GCC_WARN_ABOUT_RETURN_TYPE = YES_ERROR;
				GCC_WARN_UNDECLARED_SELECTOR = YES;
				GCC_WARN_UNINITIALIZED_AUTOS = YES_AGGRESSIVE;
				GCC_WARN_UNUSED_FUNCTION = YES;
				GCC_WARN_UNUSED_VARIABLE = YES;
				IPHONEOS_DEPLOYMENT_TARGET = 17.4;
				LOCALIZATION_PREFERS_STRING_CATALOGS = YES;
				MTL_ENABLE_DEBUG_INFO = NO;
				MTL_FAST_MATH = YES;
				SDKROOT = iphoneos;
				SWIFT_COMPILATION_MODE = wholemodule;
				VALIDATE_PRODUCT = YES;
			};
			name = Release;
		};
		ABD64BE42DA92252009B37FD /* Debug */ = {
			isa = XCBuildConfiguration;
			buildSettings = {
				ASSETCATALOG_COMPILER_APPICON_NAME = AppIcon;
				ASSETCATALOG_COMPILER_GLOBAL_ACCENT_COLOR_NAME = AccentColor;
				CODE_SIGN_STYLE = Automatic;
				CURRENT_PROJECT_VERSION = 1;
				DEVELOPMENT_ASSET_PATHS = "\"zona_farm_mobile_ios/Preview Content\"";
				DEVELOPMENT_TEAM = L62ZSF9D69;
				ENABLE_PREVIEWS = YES;
				GENERATE_INFOPLIST_FILE = YES;
				INFOPLIST_KEY_UIApplicationSceneManifest_Generation = YES;
				INFOPLIST_KEY_UIApplicationSupportsIndirectInputEvents = YES;
				INFOPLIST_KEY_UILaunchScreen_Generation = YES;
				INFOPLIST_KEY_UISupportedInterfaceOrientations_iPad = "UIInterfaceOrientationPortrait UIInterfaceOrientationPortraitUpsideDown UIInterfaceOrientationLandscapeLeft UIInterfaceOrientationLandscapeRight";
				INFOPLIST_KEY_UISupportedInterfaceOrientations_iPhone = "UIInterfaceOrientationPortrait UIInterfaceOrientationLandscapeLeft UIInterfaceOrientationLandscapeRight";
				LD_RUNPATH_SEARCH_PATHS = (
					"$(inherited)",
					"@executable_path/Frameworks",
				);
				MARKETING_VERSION = 1.0;
				PRODUCT_BUNDLE_IDENTIFIER = "com.bimbim.zona-farm-mobile-ios";
				PRODUCT_NAME = "$(TARGET_NAME)";
				SWIFT_EMIT_LOC_STRINGS = YES;
				SWIFT_VERSION = 5.0;
				TARGETED_DEVICE_FAMILY = "1,2";
			};
			name = Debug;
		};
		ABD64BE52DA92252009B37FD /* Release */ = {
			isa = XCBuildConfiguration;
			buildSettings = {
				ASSETCATALOG_COMPILER_APPICON_NAME = AppIcon;
				ASSETCATALOG_COMPILER_GLOBAL_ACCENT_COLOR_NAME = AccentColor;
				CODE_SIGN_STYLE = Automatic;
				CURRENT_PROJECT_VERSION = 1;
				DEVELOPMENT_ASSET_PATHS = "\"zona_farm_mobile_ios/Preview Content\"";
				DEVELOPMENT_TEAM = L62ZSF9D69;
				ENABLE_PREVIEWS = YES;
				GENERATE_INFOPLIST_FILE = YES;
				INFOPLIST_KEY_UIApplicationSceneManifest_Generation = YES;
				INFOPLIST_KEY_UIApplicationSupportsIndirectInputEvents = YES;
				INFOPLIST_KEY_UILaunchScreen_Generation = YES;
				INFOPLIST_KEY_UISupportedInterfaceOrientations_iPad = "UIInterfaceOrientationPortrait UIInterfaceOrientationPortraitUpsideDown UIInterfaceOrientationLandscapeLeft UIInterfaceOrientationLandscapeRight";
				INFOPLIST_KEY_UISupportedInterfaceOrientations_iPhone = "UIInterfaceOrientationPortrait UIInterfaceOrientationLandscapeLeft UIInterfaceOrientationLandscapeRight";
				LD_RUNPATH_SEARCH_PATHS = (
					"$(inherited)",
					"@executable_path/Frameworks",
				);
				MARKETING_VERSION = 1.0;
				PRODUCT_BUNDLE_IDENTIFIER = "com.bimbim.zona-farm-mobile-ios";
				PRODUCT_NAME = "$(TARGET_NAME)";
				SWIFT_EMIT_LOC_STRINGS = YES;
				SWIFT_VERSION = 5.0;
				TARGETED_DEVICE_FAMILY = "1,2";
			};
			name = Release;
		};
/* End XCBuildConfiguration section */

/* Begin XCConfigurationList section */
		ABD64BD02DA9224F009B37FD /* Build configuration list for PBXProject "zona_farm_mobile_ios" */ = {
			isa = XCConfigurationList;
			buildConfigurations = (
				ABD64BE12DA92252009B37FD /* Debug */,
				ABD64BE22DA92252009B37FD /* Release */,
			);
			defaultConfigurationIsVisible = 0;
			defaultConfigurationName = Release;
		};
		ABD64BE32DA92252009B37FD /* Build configuration list for PBXNativeTarget "zona_farm_mobile_ios" */ = {
			isa = XCConfigurationList;
			buildConfigurations = (
				ABD64BE42DA92252009B37FD /* Debug */,
				ABD64BE52DA92252009B37FD /* Release */,
			);
			defaultConfigurationIsVisible = 0;
			defaultConfigurationName = Release;
		};
/* End XCConfigurationList section */
	};
	rootObject = ABD64BCD2DA9224F009B37FD /* Project object */;
}
