// !$*UTF8*$!
{
	archiveVersion = 1;
	classes = {
	};
	objectVersion = 56;
	objects = {

/* Begin PBXBuildFile section */
		642AAE39174BB7126166BFC7 /* Pods_zona_farm_mobile_ios.framework in Frameworks */ = {isa = PBXBuildFile; fileRef = 9C9045FAB176A425F8276667 /* Pods_zona_farm_mobile_ios.framework */; };
		AB4F1A5F2D96E24D00C068C7 /* AppDelegate.swift in Sources */ = {isa = PBXBuildFile; fileRef = AB4F1A5E2D96E24D00C068C7 /* AppDelegate.swift */; };
		AB4F1A612D96E24D00C068C7 /* SceneDelegate.swift in Sources */ = {isa = PBXBuildFile; fileRef = AB4F1A602D96E24D00C068C7 /* SceneDelegate.swift */; };
		AB4F1A632D96E24D00C068C7 /* ViewController.swift in Sources */ = {isa = PBXBuildFile; fileRef = AB4F1A622D96E24D00C068C7 /* ViewController.swift */; };
		AB4F1A662D96E24D00C068C7 /* Base in Resources */ = {isa = PBXBuildFile; fileRef = AB4F1A652D96E24D00C068C7 /* Base */; };
		AB4F1A682D96E24F00C068C7 /* Assets.xcassets in Resources */ = {isa = PBXBuildFile; fileRef = AB4F1A672D96E24F00C068C7 /* Assets.xcassets */; };
		AB4F1A6B2D96E24F00C068C7 /* Base in Resources */ = {isa = PBXBuildFile; fileRef = AB4F1A6A2D96E24F00C068C7 /* Base */; };
/* End PBXBuildFile section */

/* Begin PBXFileReference section */
		13D3007C8319637A534684EB /* Pods-zona_farm_mobile_ios.debug.xcconfig */ = {isa = PBXFileReference; includeInIndex = 1; lastKnownFileType = text.xcconfig; name = "Pods-zona_farm_mobile_ios.debug.xcconfig"; path = "Target Support Files/Pods-zona_farm_mobile_ios/Pods-zona_farm_mobile_ios.debug.xcconfig"; sourceTree = "<group>"; };
		9C9045FAB176A425F8276667 /* Pods_zona_farm_mobile_ios.framework */ = {isa = PBXFileReference; explicitFileType = wrapper.framework; includeInIndex = 0; path = Pods_zona_farm_mobile_ios.framework; sourceTree = BUILT_PRODUCTS_DIR; };
		A5CFCCCEE7559F52AEA5E9B1 /* Pods-zona_farm_mobile_ios.release.xcconfig */ = {isa = PBXFileReference; includeInIndex = 1; lastKnownFileType = text.xcconfig; name = "Pods-zona_farm_mobile_ios.release.xcconfig"; path = "Target Support Files/Pods-zona_farm_mobile_ios/Pods-zona_farm_mobile_ios.release.xcconfig"; sourceTree = "<group>"; };
		AB4F1A5B2D96E24D00C068C7 /* zona_farm_mobile_ios.app */ = {isa = PBXFileReference; explicitFileType = wrapper.application; includeInIndex = 0; path = zona_farm_mobile_ios.app; sourceTree = BUILT_PRODUCTS_DIR; };
		AB4F1A5E2D96E24D00C068C7 /* AppDelegate.swift */ = {isa = PBXFileReference; lastKnownFileType = sourcecode.swift; path = AppDelegate.swift; sourceTree = "<group>"; };
		AB4F1A602D96E24D00C068C7 /* SceneDelegate.swift */ = {isa = PBXFileReference; lastKnownFileType = sourcecode.swift; path = SceneDelegate.swift; sourceTree = "<group>"; };
		AB4F1A622D96E24D00C068C7 /* ViewController.swift */ = {isa = PBXFileReference; lastKnownFileType = sourcecode.swift; path = ViewController.swift; sourceTree = "<group>"; };
		AB4F1A652D96E24D00C068C7 /* Base */ = {isa = PBXFileReference; lastKnownFileType = file.storyboard; name = Base; path = Base.lproj/Main.storyboard; sourceTree = "<group>"; };
		AB4F1A672D96E24F00C068C7 /* Assets.xcassets */ = {isa = PBXFileReference; lastKnownFileType = folder.assetcatalog; path = Assets.xcassets; sourceTree = "<group>"; };
		AB4F1A6A2D96E24F00C068C7 /* Base */ = {isa = PBXFileReference; lastKnownFileType = file.storyboard; name = Base; path = Base.lproj/LaunchScreen.storyboard; sourceTree = "<group>"; };
		AB4F1A6C2D96E24F00C068C7 /* Info.plist */ = {isa = PBXFileReference; lastKnownFileType = text.plist.xml; path = Info.plist; sourceTree = "<group>"; };
/* End PBXFileReference section */

/* Begin PBXFrameworksBuildPhase section */
		AB4F1A582D96E24D00C068C7 /* Frameworks */ = {
			isa = PBXFrameworksBuildPhase;
			buildActionMask = 2147483647;
			files = (
				642AAE39174BB7126166BFC7 /* Pods_zona_farm_mobile_ios.framework in Frameworks */,
			);
			runOnlyForDeploymentPostprocessing = 0;
		};
/* End PBXFrameworksBuildPhase section */

/* Begin PBXGroup section */
		AB4F1A522D96E24D00C068C7 = {
			isa = PBXGroup;
			children = (
				AB4F1A5D2D96E24D00C068C7 /* zona_farm_mobile_ios */,
				AB4F1A5C2D96E24D00C068C7 /* Products */,
				B4BD1C9E91D184A3C3840C34 /* Pods */,
				DA5B6597AF9B2A971E862744 /* Frameworks */,
			);
			sourceTree = "<group>";
		};
		AB4F1A5C2D96E24D00C068C7 /* Products */ = {
			isa = PBXGroup;
			children = (
				AB4F1A5B2D96E24D00C068C7 /* zona_farm_mobile_ios.app */,
			);
			name = Products;
			sourceTree = "<group>";
		};
		AB4F1A5D2D96E24D00C068C7 /* zona_farm_mobile_ios */ = {
			isa = PBXGroup;
			children = (
				AB4F1A5E2D96E24D00C068C7 /* AppDelegate.swift */,
				AB4F1A602D96E24D00C068C7 /* SceneDelegate.swift */,
				AB4F1A622D96E24D00C068C7 /* ViewController.swift */,
				AB4F1A642D96E24D00C068C7 /* Main.storyboard */,
				AB4F1A672D96E24F00C068C7 /* Assets.xcassets */,
				AB4F1A692D96E24F00C068C7 /* LaunchScreen.storyboard */,
				AB4F1A6C2D96E24F00C068C7 /* Info.plist */,
			);
			path = zona_farm_mobile_ios;
			sourceTree = "<group>";
		};
		B4BD1C9E91D184A3C3840C34 /* Pods */ = {
			isa = PBXGroup;
			children = (
				13D3007C8319637A534684EB /* Pods-zona_farm_mobile_ios.debug.xcconfig */,
				A5CFCCCEE7559F52AEA5E9B1 /* Pods-zona_farm_mobile_ios.release.xcconfig */,
			);
			name = Pods;
			path = Pods;
			sourceTree = "<group>";
		};
		DA5B6597AF9B2A971E862744 /* Frameworks */ = {
			isa = PBXGroup;
			children = (
				9C9045FAB176A425F8276667 /* Pods_zona_farm_mobile_ios.framework */,
			);
			name = Frameworks;
			sourceTree = "<group>";
		};
/* End PBXGroup section */

/* Begin PBXNativeTarget section */
		AB4F1A5A2D96E24D00C068C7 /* zona_farm_mobile_ios */ = {
			isa = PBXNativeTarget;
			buildConfigurationList = AB4F1A6F2D96E24F00C068C7 /* Build configuration list for PBXNativeTarget "zona_farm_mobile_ios" */;
			buildPhases = (
				43328B187F70B2570BFF2550 /* [CP] Check Pods Manifest.lock */,
				AB4F1A572D96E24D00C068C7 /* Sources */,
				AB4F1A582D96E24D00C068C7 /* Frameworks */,
				AB4F1A592D96E24D00C068C7 /* Resources */,
				B42166B57BA0E4C2AFF32E74 /* [CP] Embed Pods Frameworks */,
			);
			buildRules = (
			);
			dependencies = (
			);
			name = zona_farm_mobile_ios;
			productName = zona_farm_mobile_ios;
			productReference = AB4F1A5B2D96E24D00C068C7 /* zona_farm_mobile_ios.app */;
			productType = "com.apple.product-type.application";
		};
/* End PBXNativeTarget section */

/* Begin PBXProject section */
		AB4F1A532D96E24D00C068C7 /* Project object */ = {
			isa = PBXProject;
			attributes = {
				BuildIndependentTargetsInParallel = 1;
				LastSwiftUpdateCheck = 1530;
				LastUpgradeCheck = 1530;
				TargetAttributes = {
					AB4F1A5A2D96E24D00C068C7 = {
						CreatedOnToolsVersion = 15.3;
					};
				};
			};
			buildConfigurationList = AB4F1A562D96E24D00C068C7 /* Build configuration list for PBXProject "zona_farm_mobile_ios" */;
			compatibilityVersion = "Xcode 14.0";
			developmentRegion = en;
			hasScannedForEncodings = 0;
			knownRegions = (
				en,
				Base,
			);
			mainGroup = AB4F1A522D96E24D00C068C7;
			productRefGroup = AB4F1A5C2D96E24D00C068C7 /* Products */;
			projectDirPath = "";
			projectRoot = "";
			targets = (
				AB4F1A5A2D96E24D00C068C7 /* zona_farm_mobile_ios */,
			);
		};
/* End PBXProject section */

/* Begin PBXResourcesBuildPhase section */
		AB4F1A592D96E24D00C068C7 /* Resources */ = {
			isa = PBXResourcesBuildPhase;
			buildActionMask = 2147483647;
			files = (
				AB4F1A682D96E24F00C068C7 /* Assets.xcassets in Resources */,
				AB4F1A6B2D96E24F00C068C7 /* Base in Resources */,
				AB4F1A662D96E24D00C068C7 /* Base in Resources */,
			);
			runOnlyForDeploymentPostprocessing = 0;
		};
/* End PBXResourcesBuildPhase section */

/* Begin PBXShellScriptBuildPhase section */
		43328B187F70B2570BFF2550 /* [CP] Check Pods Manifest.lock */ = {
			isa = PBXShellScriptBuildPhase;
			buildActionMask = 2147483647;
			files = (
			);
			inputFileListPaths = (
			);
			inputPaths = (
				"${PODS_PODFILE_DIR_PATH}/Podfile.lock",
				"${PODS_ROOT}/Manifest.lock",
			);
			name = "[CP] Check Pods Manifest.lock";
			outputFileListPaths = (
			);
			outputPaths = (
				"$(DERIVED_FILE_DIR)/Pods-zona_farm_mobile_ios-checkManifestLockResult.txt",
			);
			runOnlyForDeploymentPostprocessing = 0;
			shellPath = /bin/sh;
			shellScript = "diff \"${PODS_PODFILE_DIR_PATH}/Podfile.lock\" \"${PODS_ROOT}/Manifest.lock\" > /dev/null\nif [ $? != 0 ] ; then\n    # print error to STDERR\n    echo \"error: The sandbox is not in sync with the Podfile.lock. Run 'pod install' or update your CocoaPods installation.\" >&2\n    exit 1\nfi\n# This output is used by Xcode 'outputs' to avoid re-running this script phase.\necho \"SUCCESS\" > \"${SCRIPT_OUTPUT_FILE_0}\"\n";
			showEnvVarsInLog = 0;
		};
		B42166B57BA0E4C2AFF32E74 /* [CP] Embed Pods Frameworks */ = {
			isa = PBXShellScriptBuildPhase;
			buildActionMask = 2147483647;
			files = (
			);
			inputFileListPaths = (
				"${PODS_ROOT}/Target Support Files/Pods-zona_farm_mobile_ios/Pods-zona_farm_mobile_ios-frameworks-${CONFIGURATION}-input-files.xcfilelist",
			);
			name = "[CP] Embed Pods Frameworks";
			outputFileListPaths = (
				"${PODS_ROOT}/Target Support Files/Pods-zona_farm_mobile_ios/Pods-zona_farm_mobile_ios-frameworks-${CONFIGURATION}-output-files.xcfilelist",
			);
			runOnlyForDeploymentPostprocessing = 0;
			shellPath = /bin/sh;
			shellScript = "\"${PODS_ROOT}/Target Support Files/Pods-zona_farm_mobile_ios/Pods-zona_farm_mobile_ios-frameworks.sh\"\n";
			showEnvVarsInLog = 0;
		};
/* End PBXShellScriptBuildPhase section */

/* Begin PBXSourcesBuildPhase section */
		AB4F1A572D96E24D00C068C7 /* Sources */ = {
			isa = PBXSourcesBuildPhase;
			buildActionMask = 2147483647;
			files = (
				AB4F1A632D96E24D00C068C7 /* ViewController.swift in Sources */,
				AB4F1A5F2D96E24D00C068C7 /* AppDelegate.swift in Sources */,
				AB4F1A612D96E24D00C068C7 /* SceneDelegate.swift in Sources */,
			);
			runOnlyForDeploymentPostprocessing = 0;
		};
/* End PBXSourcesBuildPhase section */

/* Begin PBXVariantGroup section */
		AB4F1A642D96E24D00C068C7 /* Main.storyboard */ = {
			isa = PBXVariantGroup;
			children = (
				AB4F1A652D96E24D00C068C7 /* Base */,
			);
			name = Main.storyboard;
			sourceTree = "<group>";
		};
		AB4F1A692D96E24F00C068C7 /* LaunchScreen.storyboard */ = {
			isa = PBXVariantGroup;
			children = (
				AB4F1A6A2D96E24F00C068C7 /* Base */,
			);
			name = LaunchScreen.storyboard;
			sourceTree = "<group>";
		};
/* End PBXVariantGroup section */

/* Begin XCBuildConfiguration section */
		AB4F1A6D2D96E24F00C068C7 /* Debug */ = {
			isa = XCBuildConfiguration;
			buildSettings = {
				ALWAYS_SEARCH_USER_PATHS = NO;
				ASSETCATALOG_COMPILER_GENERATE_SWIFT_ASSET_SYMBOL_EXTENSIONS = YES;
				CLANG_ANALYZER_NONNULL = YES;
				CLANG_ANALYZER_NUMBER_OBJECT_CONVERSION = YES_AGGRESSIVE;
				CLANG_CXX_LANGUAGE_STANDARD = "gnu++20";
				CLANG_ENABLE_MODULES = YES;
				CLANG_ENABLE_OBJC_ARC = YES;
				CLANG_ENABLE_OBJC_WEAK = YES;
				CLANG_WARN_BLOCK_CAPTURE_AUTORELEASING = YES;
				CLANG_WARN_BOOL_CONVERSION = YES;
				CLANG_WARN_COMMA = YES;
				CLANG_WARN_CONSTANT_CONVERSION = YES;
				CLANG_WARN_DEPRECATED_OBJC_IMPLEMENTATIONS = YES;
				CLANG_WARN_DIRECT_OBJC_ISA_USAGE = YES_ERROR;
				CLANG_WARN_DOCUMENTATION_COMMENTS = YES;
				CLANG_WARN_EMPTY_BODY = YES;
				CLANG_WARN_ENUM_CONVERSION = YES;
				CLANG_WARN_INFINITE_RECURSION = YES;
				CLANG_WARN_INT_CONVERSION = YES;
				CLANG_WARN_NON_LITERAL_NULL_CONVERSION = YES;
				CLANG_WARN_OBJC_IMPLICIT_RETAIN_SELF = YES;
				CLANG_WARN_OBJC_LITERAL_CONVERSION = YES;
				CLANG_WARN_OBJC_ROOT_CLASS = YES_ERROR;
				CLANG_WARN_QUOTED_INCLUDE_IN_FRAMEWORK_HEADER = YES;
				CLANG_WARN_RANGE_LOOP_ANALYSIS = YES;
				CLANG_WARN_STRICT_PROTOTYPES = YES;
				CLANG_WARN_SUSPICIOUS_MOVE = YES;
				CLANG_WARN_UNGUARDED_AVAILABILITY = YES_AGGRESSIVE;
				CLANG_WARN_UNREACHABLE_CODE = YES;
				CLANG_WARN__DUPLICATE_METHOD_MATCH = YES;
				COPY_PHASE_STRIP = NO;
				DEBUG_INFORMATION_FORMAT = dwarf;
				ENABLE_STRICT_OBJC_MSGSEND = YES;
				ENABLE_TESTABILITY = YES;
				ENABLE_USER_SCRIPT_SANDBOXING = YES;
				GCC_C_LANGUAGE_STANDARD = gnu17;
				GCC_DYNAMIC_NO_PIC = NO;
				GCC_NO_COMMON_BLOCKS = YES;
				GCC_OPTIMIZATION_LEVEL = 0;
				GCC_PREPROCESSOR_DEFINITIONS = (
					"DEBUG=1",
					"$(inherited)",
				);
				GCC_WARN_64_TO_32_BIT_CONVERSION = YES;
				GCC_WARN_ABOUT_RETURN_TYPE = YES_ERROR;
				GCC_WARN_UNDECLARED_SELECTOR = YES;
				GCC_WARN_UNINITIALIZED_AUTOS = YES_AGGRESSIVE;
				GCC_WARN_UNUSED_FUNCTION = YES;
				GCC_WARN_UNUSED_VARIABLE = YES;
				IPHONEOS_DEPLOYMENT_TARGET = 17.4;
				LOCALIZATION_PREFERS_STRING_CATALOGS = YES;
				MTL_ENABLE_DEBUG_INFO = INCLUDE_SOURCE;
				MTL_FAST_MATH = YES;
				ONLY_ACTIVE_ARCH = YES;
				SDKROOT = iphoneos;
				SWIFT_ACTIVE_COMPILATION_CONDITIONS = "DEBUG $(inherited)";
				SWIFT_OPTIMIZATION_LEVEL = "-Onone";
			};
			name = Debug;
		};
		AB4F1A6E2D96E24F00C068C7 /* Release */ = {
			isa = XCBuildConfiguration;
			buildSettings = {
				ALWAYS_SEARCH_USER_PATHS = NO;
				ASSETCATALOG_COMPILER_GENERATE_SWIFT_ASSET_SYMBOL_EXTENSIONS = YES;
				CLANG_ANALYZER_NONNULL = YES;
				CLANG_ANALYZER_NUMBER_OBJECT_CONVERSION = YES_AGGRESSIVE;
				CLANG_CXX_LANGUAGE_STANDARD = "gnu++20";
				CLANG_ENABLE_MODULES = YES;
				CLANG_ENABLE_OBJC_ARC = YES;
				CLANG_ENABLE_OBJC_WEAK = YES;
				CLANG_WARN_BLOCK_CAPTURE_AUTORELEASING = YES;
				CLANG_WARN_BOOL_CONVERSION = YES;
				CLANG_WARN_COMMA = YES;
				CLANG_WARN_CONSTANT_CONVERSION = YES;
				CLANG_WARN_DEPRECATED_OBJC_IMPLEMENTATIONS = YES;
				CLANG_WARN_DIRECT_OBJC_ISA_USAGE = YES_ERROR;
				CLANG_WARN_DOCUMENTATION_COMMENTS = YES;
				CLANG_WARN_EMPTY_BODY = YES;
				CLANG_WARN_ENUM_CONVERSION = YES;
				CLANG_WARN_INFINITE_RECURSION = YES;
				CLANG_WARN_INT_CONVERSION = YES;
				CLANG_WARN_NON_LITERAL_NULL_CONVERSION = YES;
				CLANG_WARN_OBJC_IMPLICIT_RETAIN_SELF = YES;
				CLANG_WARN_OBJC_LITERAL_CONVERSION = YES;
				CLANG_WARN_OBJC_ROOT_CLASS = YES_ERROR;
				CLANG_WARN_QUOTED_INCLUDE_IN_FRAMEWORK_HEADER = YES;
				CLANG_WARN_RANGE_LOOP_ANALYSIS = YES;
				CLANG_WARN_STRICT_PROTOTYPES = YES;
				CLANG_WARN_SUSPICIOUS_MOVE = YES;
				CLANG_WARN_UNGUARDED_AVAILABILITY = YES_AGGRESSIVE;
				CLANG_WARN_UNREACHABLE_CODE = YES;
				CLANG_WARN__DUPLICATE_METHOD_MATCH = YES;
				COPY_PHASE_STRIP = NO;
				DEBUG_INFORMATION_FORMAT = "dwarf-with-dsym";
				ENABLE_NS_ASSERTIONS = NO;
				ENABLE_STRICT_OBJC_MSGSEND = YES;
				ENABLE_USER_SCRIPT_SANDBOXING = YES;
				GCC_C_LANGUAGE_STANDARD = gnu17;
				GCC_NO_COMMON_BLOCKS = YES;
				GCC_WARN_64_TO_32_BIT_CONVERSION = YES;
				GCC_WARN_ABOUT_RETURN_TYPE = YES_ERROR;
				GCC_WARN_UNDECLARED_SELECTOR = YES;
				GCC_WARN_UNINITIALIZED_AUTOS = YES_AGGRESSIVE;
				GCC_WARN_UNUSED_FUNCTION = YES;
				GCC_WARN_UNUSED_VARIABLE = YES;
				IPHONEOS_DEPLOYMENT_TARGET = 17.4;
				LOCALIZATION_PREFERS_STRING_CATALOGS = YES;
				MTL_ENABLE_DEBUG_INFO = NO;
				MTL_FAST_MATH = YES;
				SDKROOT = iphoneos;
				SWIFT_COMPILATION_MODE = wholemodule;
				VALIDATE_PRODUCT = YES;
			};
			name = Release;
		};
		AB4F1A702D96E24F00C068C7 /* Debug */ = {
			isa = XCBuildConfiguration;
			baseConfigurationReference = 13D3007C8319637A534684EB /* Pods-zona_farm_mobile_ios.debug.xcconfig */;
			buildSettings = {
				ASSETCATALOG_COMPILER_APPICON_NAME = AppIcon;
				ASSETCATALOG_COMPILER_GLOBAL_ACCENT_COLOR_NAME = AccentColor;
				CODE_SIGN_STYLE = Automatic;
				CURRENT_PROJECT_VERSION = 1;
				DEVELOPMENT_TEAM = L62ZSF9D69;
				GENERATE_INFOPLIST_FILE = YES;
				INFOPLIST_FILE = zona_farm_mobile_ios/Info.plist;
				INFOPLIST_KEY_UIApplicationSupportsIndirectInputEvents = YES;
				INFOPLIST_KEY_UILaunchStoryboardName = LaunchScreen;
				INFOPLIST_KEY_UIMainStoryboardFile = Main;
				INFOPLIST_KEY_UISupportedInterfaceOrientations_iPad = "UIInterfaceOrientationPortrait UIInterfaceOrientationPortraitUpsideDown UIInterfaceOrientationLandscapeLeft UIInterfaceOrientationLandscapeRight";
				INFOPLIST_KEY_UISupportedInterfaceOrientations_iPhone = "UIInterfaceOrientationPortrait UIInterfaceOrientationLandscapeLeft UIInterfaceOrientationLandscapeRight";
				LD_RUNPATH_SEARCH_PATHS = (
					"$(inherited)",
					"@executable_path/Frameworks",
				);
				MARKETING_VERSION = 1.0;
				PRODUCT_BUNDLE_IDENTIFIER = "com.bimbim.zona-farm-mobile-ios";
				PRODUCT_NAME = "$(TARGET_NAME)";
				SWIFT_EMIT_LOC_STRINGS = YES;
				SWIFT_VERSION = 5.0;
				TARGETED_DEVICE_FAMILY = "1,2";
			};
			name = Debug;
		};
		AB4F1A712D96E24F00C068C7 /* Release */ = {
			isa = XCBuildConfiguration;
			baseConfigurationReference = A5CFCCCEE7559F52AEA5E9B1 /* Pods-zona_farm_mobile_ios.release.xcconfig */;
			buildSettings = {
				ASSETCATALOG_COMPILER_APPICON_NAME = AppIcon;
				ASSETCATALOG_COMPILER_GLOBAL_ACCENT_COLOR_NAME = AccentColor;
				CODE_SIGN_STYLE = Automatic;
				CURRENT_PROJECT_VERSION = 1;
				DEVELOPMENT_TEAM = L62ZSF9D69;
				GENERATE_INFOPLIST_FILE = YES;
				INFOPLIST_FILE = zona_farm_mobile_ios/Info.plist;
				INFOPLIST_KEY_UIApplicationSupportsIndirectInputEvents = YES;
				INFOPLIST_KEY_UILaunchStoryboardName = LaunchScreen;
				INFOPLIST_KEY_UIMainStoryboardFile = Main;
				INFOPLIST_KEY_UISupportedInterfaceOrientations_iPad = "UIInterfaceOrientationPortrait UIInterfaceOrientationPortraitUpsideDown UIInterfaceOrientationLandscapeLeft UIInterfaceOrientationLandscapeRight";
				INFOPLIST_KEY_UISupportedInterfaceOrientations_iPhone = "UIInterfaceOrientationPortrait UIInterfaceOrientationLandscapeLeft UIInterfaceOrientationLandscapeRight";
				LD_RUNPATH_SEARCH_PATHS = (
					"$(inherited)",
					"@executable_path/Frameworks",
				);
				MARKETING_VERSION = 1.0;
				PRODUCT_BUNDLE_IDENTIFIER = "com.bimbim.zona-farm-mobile-ios";
				PRODUCT_NAME = "$(TARGET_NAME)";
				SWIFT_EMIT_LOC_STRINGS = YES;
				SWIFT_VERSION = 5.0;
				TARGETED_DEVICE_FAMILY = "1,2";
			};
			name = Release;
		};
/* End XCBuildConfiguration section */

/* Begin XCConfigurationList section */
		AB4F1A562D96E24D00C068C7 /* Build configuration list for PBXProject "zona_farm_mobile_ios" */ = {
			isa = XCConfigurationList;
			buildConfigurations = (
				AB4F1A6D2D96E24F00C068C7 /* Debug */,
				AB4F1A6E2D96E24F00C068C7 /* Release */,
			);
			defaultConfigurationIsVisible = 0;
			defaultConfigurationName = Release;
		};
		AB4F1A6F2D96E24F00C068C7 /* Build configuration list for PBXNativeTarget "zona_farm_mobile_ios" */ = {
			isa = XCConfigurationList;
			buildConfigurations = (
				AB4F1A702D96E24F00C068C7 /* Debug */,
				AB4F1A712D96E24F00C068C7 /* Release */,
			);
			defaultConfigurationIsVisible = 0;
			defaultConfigurationName = Release;
		};
/* End XCConfigurationList section */
	};
	rootObject = AB4F1A532D96E24D00C068C7 /* Project object */;
}
